// !$*UTF8*$!
{
	archiveVersion = 1;
	classes = {
	};
	objectVersion = 56;
	objects = {

/* Begin PBXBuildFile section */
		666F16582A5D88C6004C2BB9 /* AppDelegate.swift in Sources */ = {isa = PBXBuildFile; fileRef = 666F16572A5D88C6004C2BB9 /* AppDelegate.swift */; };
		666F165A2A5D88C6004C2BB9 /* SceneDelegate.swift in Sources */ = {isa = PBXBuildFile; fileRef = 666F16592A5D88C6004C2BB9 /* SceneDelegate.swift */; };
		666F165C2A5D88C6004C2BB9 /* SplashViewController.swift in Sources */ = {isa = PBXBuildFile; fileRef = 666F165B2A5D88C6004C2BB9 /* SplashViewController.swift */; };
		666F16612A5D88C8004C2BB9 /* Assets.xcassets in Resources */ = {isa = PBXBuildFile; fileRef = 666F16602A5D88C8004C2BB9 /* Assets.xcassets */; };
		666F16642A5D88C8004C2BB9 /* LaunchScreen.storyboard in Resources */ = {isa = PBXBuildFile; fileRef = 666F16622A5D88C8004C2BB9 /* LaunchScreen.storyboard */; };
		66796B0F2A5E236E00B2880E /* LoginViewController.swift in Sources */ = {isa = PBXBuildFile; fileRef = 66796B0E2A5E236E00B2880E /* LoginViewController.swift */; };
		66CB77BC2A5FA68100193128 /* EmailLoginViewController.swift in Sources */ = {isa = PBXBuildFile; fileRef = 66CB77BB2A5FA68100193128 /* EmailLoginViewController.swift */; };
		66CB77BE2A5FA73B00193128 /* GoogleLoginViewController.swift in Sources */ = {isa = PBXBuildFile; fileRef = 66CB77BD2A5FA73B00193128 /* GoogleLoginViewController.swift */; };
		F865EEAD5770B30030E55295 /* Pods_Makers.framework in Frameworks */ = {isa = PBXBuildFile; fileRef = 089311265764A148F4AEEAD4 /* Pods_Makers.framework */; };
/* End PBXBuildFile section */

/* Begin PBXFileReference section */
		089311265764A148F4AEEAD4 /* Pods_Makers.framework */ = {isa = PBXFileReference; explicitFileType = wrapper.framework; includeInIndex = 0; path = Pods_Makers.framework; sourceTree = BUILT_PRODUCTS_DIR; };
		117C94F983B433C4196E7779 /* Pods-Makers.debug.xcconfig */ = {isa = PBXFileReference; includeInIndex = 1; lastKnownFileType = text.xcconfig; name = "Pods-Makers.debug.xcconfig"; path = "Target Support Files/Pods-Makers/Pods-Makers.debug.xcconfig"; sourceTree = "<group>"; };
		666F16542A5D88C6004C2BB9 /* Makers.app */ = {isa = PBXFileReference; explicitFileType = wrapper.application; includeInIndex = 0; path = Makers.app; sourceTree = BUILT_PRODUCTS_DIR; };
		666F16572A5D88C6004C2BB9 /* AppDelegate.swift */ = {isa = PBXFileReference; lastKnownFileType = sourcecode.swift; path = AppDelegate.swift; sourceTree = "<group>"; };
		666F16592A5D88C6004C2BB9 /* SceneDelegate.swift */ = {isa = PBXFileReference; lastKnownFileType = sourcecode.swift; path = SceneDelegate.swift; sourceTree = "<group>"; };
		666F165B2A5D88C6004C2BB9 /* SplashViewController.swift */ = {isa = PBXFileReference; lastKnownFileType = sourcecode.swift; path = SplashViewController.swift; sourceTree = "<group>"; };
		666F16602A5D88C8004C2BB9 /* Assets.xcassets */ = {isa = PBXFileReference; lastKnownFileType = folder.assetcatalog; path = Assets.xcassets; sourceTree = "<group>"; };
		666F16632A5D88C8004C2BB9 /* Base */ = {isa = PBXFileReference; lastKnownFileType = file.storyboard; name = Base; path = Base.lproj/LaunchScreen.storyboard; sourceTree = "<group>"; };
		666F16652A5D88C8004C2BB9 /* Info.plist */ = {isa = PBXFileReference; lastKnownFileType = text.plist.xml; path = Info.plist; sourceTree = "<group>"; };
		66796B0E2A5E236E00B2880E /* LoginViewController.swift */ = {isa = PBXFileReference; lastKnownFileType = sourcecode.swift; path = LoginViewController.swift; sourceTree = "<group>"; };
		66CB77BB2A5FA68100193128 /* EmailLoginViewController.swift */ = {isa = PBXFileReference; lastKnownFileType = sourcecode.swift; path = EmailLoginViewController.swift; sourceTree = "<group>"; };
		66CB77BD2A5FA73B00193128 /* GoogleLoginViewController.swift */ = {isa = PBXFileReference; lastKnownFileType = sourcecode.swift; path = GoogleLoginViewController.swift; sourceTree = "<group>"; };
		7E7C5FAA775CC1AB34DA39B7 /* Pods-Makers.release.xcconfig */ = {isa = PBXFileReference; includeInIndex = 1; lastKnownFileType = text.xcconfig; name = "Pods-Makers.release.xcconfig"; path = "Target Support Files/Pods-Makers/Pods-Makers.release.xcconfig"; sourceTree = "<group>"; };
/* End PBXFileReference section */

/* Begin PBXFrameworksBuildPhase section */
		666F16512A5D88C6004C2BB9 /* Frameworks */ = {
			isa = PBXFrameworksBuildPhase;
			buildActionMask = 2147483647;
			files = (
				F865EEAD5770B30030E55295 /* Pods_Makers.framework in Frameworks */,
			);
			runOnlyForDeploymentPostprocessing = 0;
		};
/* End PBXFrameworksBuildPhase section */

/* Begin PBXGroup section */
		666F164B2A5D88C6004C2BB9 = {
			isa = PBXGroup;
			children = (
				666F16562A5D88C6004C2BB9 /* Makers */,
				666F16552A5D88C6004C2BB9 /* Products */,
				6D3146130CD535A3522AE60E /* Pods */,
				C5B931ECB75FB4418FDC60C3 /* Frameworks */,
			);
			sourceTree = "<group>";
		};
		666F16552A5D88C6004C2BB9 /* Products */ = {
			isa = PBXGroup;
			children = (
				666F16542A5D88C6004C2BB9 /* Makers.app */,
			);
			name = Products;
			sourceTree = "<group>";
		};
		666F16562A5D88C6004C2BB9 /* Makers */ = {
			isa = PBXGroup;
			children = (
				66796B0C2A5E233B00B2880E /* Workflow */,
				66796B0B2A5D92B500B2880E /* Resources */,
				66796B0A2A5D8C1300B2880E /* App */,
			);
			path = Makers;
			sourceTree = "<group>";
		};
		66796B0A2A5D8C1300B2880E /* App */ = {
			isa = PBXGroup;
			children = (
				666F16572A5D88C6004C2BB9 /* AppDelegate.swift */,
				666F16592A5D88C6004C2BB9 /* SceneDelegate.swift */,
			);
			path = App;
			sourceTree = "<group>";
		};
		66796B0B2A5D92B500B2880E /* Resources */ = {
			isa = PBXGroup;
			children = (
				666F16602A5D88C8004C2BB9 /* Assets.xcassets */,
				666F16622A5D88C8004C2BB9 /* LaunchScreen.storyboard */,
				666F16652A5D88C8004C2BB9 /* Info.plist */,
			);
			path = Resources;
			sourceTree = "<group>";
		};
		66796B0C2A5E233B00B2880E /* Workflow */ = {
			isa = PBXGroup;
			children = (
				66796B0D2A5E234E00B2880E /* LoginScreen */,
			);
			path = Workflow;
			sourceTree = "<group>";
		};
		66796B0D2A5E234E00B2880E /* LoginScreen */ = {
			isa = PBXGroup;
			children = (
				666F165B2A5D88C6004C2BB9 /* SplashViewController.swift */,
				66796B0E2A5E236E00B2880E /* LoginViewController.swift */,
				66CB77BB2A5FA68100193128 /* EmailLoginViewController.swift */,
				66CB77BD2A5FA73B00193128 /* GoogleLoginViewController.swift */,
			);
			path = LoginScreen;
			sourceTree = "<group>";
		};
		6D3146130CD535A3522AE60E /* Pods */ = {
			isa = PBXGroup;
			children = (
				117C94F983B433C4196E7779 /* Pods-Makers.debug.xcconfig */,
				7E7C5FAA775CC1AB34DA39B7 /* Pods-Makers.release.xcconfig */,
			);
			path = Pods;
			sourceTree = "<group>";
		};
		C5B931ECB75FB4418FDC60C3 /* Frameworks */ = {
			isa = PBXGroup;
			children = (
				089311265764A148F4AEEAD4 /* Pods_Makers.framework */,
			);
			name = Frameworks;
			sourceTree = "<group>";
		};
/* End PBXGroup section */

/* Begin PBXNativeTarget section */
		666F16532A5D88C6004C2BB9 /* Makers */ = {
			isa = PBXNativeTarget;
			buildConfigurationList = 666F16682A5D88C8004C2BB9 /* Build configuration list for PBXNativeTarget "Makers" */;
			buildPhases = (
				442317B9456C423ECE9469A3 /* [CP] Check Pods Manifest.lock */,
				666F16502A5D88C6004C2BB9 /* Sources */,
				666F16512A5D88C6004C2BB9 /* Frameworks */,
				666F16522A5D88C6004C2BB9 /* Resources */,
				27761BF5F4EFEEF8DFBC4890 /* [CP] Embed Pods Frameworks */,
			);
			buildRules = (
			);
			dependencies = (
			);
			name = Makers;
			productName = Makers;
			productReference = 666F16542A5D88C6004C2BB9 /* Makers.app */;
			productType = "com.apple.product-type.application";
		};
/* End PBXNativeTarget section */

/* Begin PBXProject section */
		666F164C2A5D88C6004C2BB9 /* Project object */ = {
			isa = PBXProject;
			attributes = {
				BuildIndependentTargetsInParallel = 1;
				LastSwiftUpdateCheck = 1420;
				LastUpgradeCheck = 1420;
				TargetAttributes = {
					666F16532A5D88C6004C2BB9 = {
						CreatedOnToolsVersion = 14.2;
					};
				};
			};
			buildConfigurationList = 666F164F2A5D88C6004C2BB9 /* Build configuration list for PBXProject "Makers" */;
			compatibilityVersion = "Xcode 14.0";
			developmentRegion = en;
			hasScannedForEncodings = 0;
			knownRegions = (
				en,
				Base,
			);
			mainGroup = 666F164B2A5D88C6004C2BB9;
			productRefGroup = 666F16552A5D88C6004C2BB9 /* Products */;
			projectDirPath = "";
			projectRoot = "";
			targets = (
				666F16532A5D88C6004C2BB9 /* Makers */,
			);
		};
/* End PBXProject section */

/* Begin PBXResourcesBuildPhase section */
		666F16522A5D88C6004C2BB9 /* Resources */ = {
			isa = PBXResourcesBuildPhase;
			buildActionMask = 2147483647;
			files = (
				666F16642A5D88C8004C2BB9 /* LaunchScreen.storyboard in Resources */,
				666F16612A5D88C8004C2BB9 /* Assets.xcassets in Resources */,
			);
			runOnlyForDeploymentPostprocessing = 0;
		};
/* End PBXResourcesBuildPhase section */

/* Begin PBXShellScriptBuildPhase section */
		27761BF5F4EFEEF8DFBC4890 /* [CP] Embed Pods Frameworks */ = {
			isa = PBXShellScriptBuildPhase;
			buildActionMask = 2147483647;
			files = (
			);
			inputFileListPaths = (
				"${PODS_ROOT}/Target Support Files/Pods-Makers/Pods-Makers-frameworks-${CONFIGURATION}-input-files.xcfilelist",
			);
			name = "[CP] Embed Pods Frameworks";
			outputFileListPaths = (
				"${PODS_ROOT}/Target Support Files/Pods-Makers/Pods-Makers-frameworks-${CONFIGURATION}-output-files.xcfilelist",
			);
			runOnlyForDeploymentPostprocessing = 0;
			shellPath = /bin/sh;
			shellScript = "\"${PODS_ROOT}/Target Support Files/Pods-Makers/Pods-Makers-frameworks.sh\"\n";
			showEnvVarsInLog = 0;
		};
		442317B9456C423ECE9469A3 /* [CP] Check Pods Manifest.lock */ = {
			isa = PBXShellScriptBuildPhase;
			buildActionMask = 2147483647;
			files = (
			);
			inputFileListPaths = (
			);
			inputPaths = (
				"${PODS_PODFILE_DIR_PATH}/Podfile.lock",
				"${PODS_ROOT}/Manifest.lock",
			);
			name = "[CP] Check Pods Manifest.lock";
			outputFileListPaths = (
			);
			outputPaths = (
				"$(DERIVED_FILE_DIR)/Pods-Makers-checkManifestLockResult.txt",
			);
			runOnlyForDeploymentPostprocessing = 0;
			shellPath = /bin/sh;
			shellScript = "diff \"${PODS_PODFILE_DIR_PATH}/Podfile.lock\" \"${PODS_ROOT}/Manifest.lock\" > /dev/null\nif [ $? != 0 ] ; then\n    # print error to STDERR\n    echo \"error: The sandbox is not in sync with the Podfile.lock. Run 'pod install' or update your CocoaPods installation.\" >&2\n    exit 1\nfi\n# This output is used by Xcode 'outputs' to avoid re-running this script phase.\necho \"SUCCESS\" > \"${SCRIPT_OUTPUT_FILE_0}\"\n";
			showEnvVarsInLog = 0;
		};
/* End PBXShellScriptBuildPhase section */

/* Begin PBXSourcesBuildPhase section */
		666F16502A5D88C6004C2BB9 /* Sources */ = {
			isa = PBXSourcesBuildPhase;
			buildActionMask = 2147483647;
			files = (
				66CB77BC2A5FA68100193128 /* EmailLoginViewController.swift in Sources */,
				66796B0F2A5E236E00B2880E /* LoginViewController.swift in Sources */,
				666F165C2A5D88C6004C2BB9 /* SplashViewController.swift in Sources */,
				666F16582A5D88C6004C2BB9 /* AppDelegate.swift in Sources */,
				666F165A2A5D88C6004C2BB9 /* SceneDelegate.swift in Sources */,
				66CB77BE2A5FA73B00193128 /* GoogleLoginViewController.swift in Sources */,
			);
			runOnlyForDeploymentPostprocessing = 0;
		};
/* End PBXSourcesBuildPhase section */

/* Begin PBXVariantGroup section */
		666F16622A5D88C8004C2BB9 /* LaunchScreen.storyboard */ = {
			isa = PBXVariantGroup;
			children = (
				666F16632A5D88C8004C2BB9 /* Base */,
			);
			name = LaunchScreen.storyboard;
			sourceTree = "<group>";
		};
/* End PBXVariantGroup section */

/* Begin XCBuildConfiguration section */
		666F16662A5D88C8004C2BB9 /* Debug */ = {
			isa = XCBuildConfiguration;
			buildSettings = {
				ALWAYS_SEARCH_USER_PATHS = NO;
				CLANG_ANALYZER_NONNULL = YES;
				CLANG_ANALYZER_NUMBER_OBJECT_CONVERSION = YES_AGGRESSIVE;
				CLANG_CXX_LANGUAGE_STANDARD = "gnu++20";
				CLANG_ENABLE_MODULES = YES;
				CLANG_ENABLE_OBJC_ARC = YES;
				CLANG_ENABLE_OBJC_WEAK = YES;
				CLANG_WARN_BLOCK_CAPTURE_AUTORELEASING = YES;
				CLANG_WARN_BOOL_CONVERSION = YES;
				CLANG_WARN_COMMA = YES;
				CLANG_WARN_CONSTANT_CONVERSION = YES;
				CLANG_WARN_DEPRECATED_OBJC_IMPLEMENTATIONS = YES;
				CLANG_WARN_DIRECT_OBJC_ISA_USAGE = YES_ERROR;
				CLANG_WARN_DOCUMENTATION_COMMENTS = YES;
				CLANG_WARN_EMPTY_BODY = YES;
				CLANG_WARN_ENUM_CONVERSION = YES;
				CLANG_WARN_INFINITE_RECURSION = YES;
				CLANG_WARN_INT_CONVERSION = YES;
				CLANG_WARN_NON_LITERAL_NULL_CONVERSION = YES;
				CLANG_WARN_OBJC_IMPLICIT_RETAIN_SELF = YES;
				CLANG_WARN_OBJC_LITERAL_CONVERSION = YES;
				CLANG_WARN_OBJC_ROOT_CLASS = YES_ERROR;
				CLANG_WARN_QUOTED_INCLUDE_IN_FRAMEWORK_HEADER = YES;
				CLANG_WARN_RANGE_LOOP_ANALYSIS = YES;
				CLANG_WARN_STRICT_PROTOTYPES = YES;
				CLANG_WARN_SUSPICIOUS_MOVE = YES;
				CLANG_WARN_UNGUARDED_AVAILABILITY = YES_AGGRESSIVE;
				CLANG_WARN_UNREACHABLE_CODE = YES;
				CLANG_WARN__DUPLICATE_METHOD_MATCH = YES;
				COPY_PHASE_STRIP = NO;
				DEBUG_INFORMATION_FORMAT = dwarf;
				ENABLE_STRICT_OBJC_MSGSEND = YES;
				ENABLE_TESTABILITY = YES;
				GCC_C_LANGUAGE_STANDARD = gnu11;
				GCC_DYNAMIC_NO_PIC = NO;
				GCC_NO_COMMON_BLOCKS = YES;
				GCC_OPTIMIZATION_LEVEL = 0;
				GCC_PREPROCESSOR_DEFINITIONS = (
					"DEBUG=1",
					"$(inherited)",
				);
				GCC_WARN_64_TO_32_BIT_CONVERSION = YES;
				GCC_WARN_ABOUT_RETURN_TYPE = YES_ERROR;
				GCC_WARN_UNDECLARED_SELECTOR = YES;
				GCC_WARN_UNINITIALIZED_AUTOS = YES_AGGRESSIVE;
				GCC_WARN_UNUSED_FUNCTION = YES;
				GCC_WARN_UNUSED_VARIABLE = YES;
				IPHONEOS_DEPLOYMENT_TARGET = 16.2;
				MTL_ENABLE_DEBUG_INFO = INCLUDE_SOURCE;
				MTL_FAST_MATH = YES;
				ONLY_ACTIVE_ARCH = YES;
				SDKROOT = iphoneos;
				SWIFT_ACTIVE_COMPILATION_CONDITIONS = DEBUG;
				SWIFT_OPTIMIZATION_LEVEL = "-Onone";
			};
			name = Debug;
		};
		666F16672A5D88C8004C2BB9 /* Release */ = {
			isa = XCBuildConfiguration;
			buildSettings = {
				ALWAYS_SEARCH_USER_PATHS = NO;
				CLANG_ANALYZER_NONNULL = YES;
				CLANG_ANALYZER_NUMBER_OBJECT_CONVERSION = YES_AGGRESSIVE;
				CLANG_CXX_LANGUAGE_STANDARD = "gnu++20";
				CLANG_ENABLE_MODULES = YES;
				CLANG_ENABLE_OBJC_ARC = YES;
				CLANG_ENABLE_OBJC_WEAK = YES;
				CLANG_WARN_BLOCK_CAPTURE_AUTORELEASING = YES;
				CLANG_WARN_BOOL_CONVERSION = YES;
				CLANG_WARN_COMMA = YES;
				CLANG_WARN_CONSTANT_CONVERSION = YES;
				CLANG_WARN_DEPRECATED_OBJC_IMPLEMENTATIONS = YES;
				CLANG_WARN_DIRECT_OBJC_ISA_USAGE = YES_ERROR;
				CLANG_WARN_DOCUMENTATION_COMMENTS = YES;
				CLANG_WARN_EMPTY_BODY = YES;
				CLANG_WARN_ENUM_CONVERSION = YES;
				CLANG_WARN_INFINITE_RECURSION = YES;
				CLANG_WARN_INT_CONVERSION = YES;
				CLANG_WARN_NON_LITERAL_NULL_CONVERSION = YES;
				CLANG_WARN_OBJC_IMPLICIT_RETAIN_SELF = YES;
				CLANG_WARN_OBJC_LITERAL_CONVERSION = YES;
				CLANG_WARN_OBJC_ROOT_CLASS = YES_ERROR;
				CLANG_WARN_QUOTED_INCLUDE_IN_FRAMEWORK_HEADER = YES;
				CLANG_WARN_RANGE_LOOP_ANALYSIS = YES;
				CLANG_WARN_STRICT_PROTOTYPES = YES;
				CLANG_WARN_SUSPICIOUS_MOVE = YES;
				CLANG_WARN_UNGUARDED_AVAILABILITY = YES_AGGRESSIVE;
				CLANG_WARN_UNREACHABLE_CODE = YES;
				CLANG_WARN__DUPLICATE_METHOD_MATCH = YES;
				COPY_PHASE_STRIP = NO;
				DEBUG_INFORMATION_FORMAT = "dwarf-with-dsym";
				ENABLE_NS_ASSERTIONS = NO;
				ENABLE_STRICT_OBJC_MSGSEND = YES;
				GCC_C_LANGUAGE_STANDARD = gnu11;
				GCC_NO_COMMON_BLOCKS = YES;
				GCC_WARN_64_TO_32_BIT_CONVERSION = YES;
				GCC_WARN_ABOUT_RETURN_TYPE = YES_ERROR;
				GCC_WARN_UNDECLARED_SELECTOR = YES;
				GCC_WARN_UNINITIALIZED_AUTOS = YES_AGGRESSIVE;
				GCC_WARN_UNUSED_FUNCTION = YES;
				GCC_WARN_UNUSED_VARIABLE = YES;
				IPHONEOS_DEPLOYMENT_TARGET = 16.2;
				MTL_ENABLE_DEBUG_INFO = NO;
				MTL_FAST_MATH = YES;
				SDKROOT = iphoneos;
				SWIFT_COMPILATION_MODE = wholemodule;
				SWIFT_OPTIMIZATION_LEVEL = "-O";
				VALIDATE_PRODUCT = YES;
			};
			name = Release;
		};
		666F16692A5D88C8004C2BB9 /* Debug */ = {
			isa = XCBuildConfiguration;
			baseConfigurationReference = 117C94F983B433C4196E7779 /* Pods-Makers.debug.xcconfig */;
			buildSettings = {
				ASSETCATALOG_COMPILER_APPICON_NAME = AppIcon;
				ASSETCATALOG_COMPILER_GLOBAL_ACCENT_COLOR_NAME = AccentColor;
				CODE_SIGN_STYLE = Automatic;
				CURRENT_PROJECT_VERSION = 1;
				GENERATE_INFOPLIST_FILE = YES;
				INFOPLIST_FILE = Makers/Resources/Info.plist;
				INFOPLIST_KEY_UIApplicationSupportsIndirectInputEvents = YES;
				INFOPLIST_KEY_UILaunchStoryboardName = LaunchScreen;
				INFOPLIST_KEY_UISupportedInterfaceOrientations_iPad = "UIInterfaceOrientationPortrait UIInterfaceOrientationPortraitUpsideDown UIInterfaceOrientationLandscapeLeft UIInterfaceOrientationLandscapeRight";
				INFOPLIST_KEY_UISupportedInterfaceOrientations_iPhone = "UIInterfaceOrientationPortrait UIInterfaceOrientationLandscapeLeft UIInterfaceOrientationLandscapeRight";
				LD_RUNPATH_SEARCH_PATHS = (
					"$(inherited)",
					"@executable_path/Frameworks",
				);
				MARKETING_VERSION = 1.0;
				PRODUCT_BUNDLE_IDENTIFIER = com.learn.Makers;
				PRODUCT_NAME = "$(TARGET_NAME)";
				SWIFT_EMIT_LOC_STRINGS = YES;
				SWIFT_VERSION = 5.0;
				TARGETED_DEVICE_FAMILY = "1,2";
			};
			name = Debug;
		};
		666F166A2A5D88C8004C2BB9 /* Release */ = {
			isa = XCBuildConfiguration;
			baseConfigurationReference = 7E7C5FAA775CC1AB34DA39B7 /* Pods-Makers.release.xcconfig */;
			buildSettings = {
				ASSETCATALOG_COMPILER_APPICON_NAME = AppIcon;
				ASSETCATALOG_COMPILER_GLOBAL_ACCENT_COLOR_NAME = AccentColor;
				CODE_SIGN_STYLE = Automatic;
				CURRENT_PROJECT_VERSION = 1;
				GENERATE_INFOPLIST_FILE = YES;
				INFOPLIST_FILE = Makers/Resources/Info.plist;
				INFOPLIST_KEY_UIApplicationSupportsIndirectInputEvents = YES;
				INFOPLIST_KEY_UILaunchStoryboardName = LaunchScreen;
				INFOPLIST_KEY_UISupportedInterfaceOrientations_iPad = "UIInterfaceOrientationPortrait UIInterfaceOrientationPortraitUpsideDown UIInterfaceOrientationLandscapeLeft UIInterfaceOrientationLandscapeRight";
				INFOPLIST_KEY_UISupportedInterfaceOrientations_iPhone = "UIInterfaceOrientationPortrait UIInterfaceOrientationLandscapeLeft UIInterfaceOrientationLandscapeRight";
				LD_RUNPATH_SEARCH_PATHS = (
					"$(inherited)",
					"@executable_path/Frameworks",
				);
				MARKETING_VERSION = 1.0;
				PRODUCT_BUNDLE_IDENTIFIER = com.learn.Makers;
				PRODUCT_NAME = "$(TARGET_NAME)";
				SWIFT_EMIT_LOC_STRINGS = YES;
				SWIFT_VERSION = 5.0;
				TARGETED_DEVICE_FAMILY = "1,2";
			};
			name = Release;
		};
/* End XCBuildConfiguration section */

/* Begin XCConfigurationList section */
		666F164F2A5D88C6004C2BB9 /* Build configuration list for PBXProject "Makers" */ = {
			isa = XCConfigurationList;
			buildConfigurations = (
				666F16662A5D88C8004C2BB9 /* Debug */,
				666F16672A5D88C8004C2BB9 /* Release */,
			);
			defaultConfigurationIsVisible = 0;
			defaultConfigurationName = Release;
		};
		666F16682A5D88C8004C2BB9 /* Build configuration list for PBXNativeTarget "Makers" */ = {
			isa = XCConfigurationList;
			buildConfigurations = (
				666F16692A5D88C8004C2BB9 /* Debug */,
				666F166A2A5D88C8004C2BB9 /* Release */,
			);
			defaultConfigurationIsVisible = 0;
			defaultConfigurationName = Release;
		};
/* End XCConfigurationList section */
	};
	rootObject = 666F164C2A5D88C6004C2BB9 /* Project object */;
}
